AC2NnzxsXAq3X6lRrK4I+2VRdFhQbVhGdE1WSFZPcWF5ZGJJc0xtcjczQ0hTcThHWDRRTGZZMnN1YTFIQWFRekFYZWhBcmtqKzh2WWI0S2VkdVRCUHB3V0UrQVE4Lzg2MjN2eGU2N3JzKzEwNXBKUExnTGs0bTVOMWtIOGozNW5RelJ2MzN0SVJlQ2hQb0ZlVHVQeVc2MCtzNWdkWml3Ym1tSko5WTV3WG9xSWc0S1RKNU03dmNDN2c0ZnUwUmVMSm13SGhmQlZrbW56RFdtZ0J3NnRCSEVTcmNMNUJ3Ylg3cDFodFVvQTlEMFBFVW85M0p5dnd1T25wZXhhQlJiSzB2ME5XQkRzUVYwNWJhR1VkQmFONHdBaW0rL3RQakpudGY3ZVNSMUlpUjZzdndkWWtWWlZSZWRPMEpCcnpDNW5vV1dWWVM3aGhFSXltTUc3U09DQXROQUc2VHBxd0NhbjRBWWhUa01QYkZsV2ZOaFl5UHBpUW45QndUR29iM3ZldnZheUlnZ2VxV05MQUpqRlljWUw4Wmw5bEFweGMzYzVpakJKK3NHMGNwRkJlNDFHNm1hdUlDYzI2OGh4aFFKYktTSlNadURwOUEzamNvUGV5aVZmU2NXRkRXeGN6OStEUHFwVVlsZGlQOUt0eGMrZExsaXN2M0VReE5YNDNoc1lqL1VDdENkY2pMRVZEYjF3a3ZMdy90U3Q4REs3K2NGb1VSUGw1UmZUOVJ5bmZHcW9yNU9OUGkzVVRPSHU5MTNQZ3lFWlZuMU1UU1MwZGE3Q2svRktRWnFXVDkyd1k1TXdscExFVHppM1NpdVRjWkR6anVQSkhoVC9POGxRMCtSQjBZTG0xMm05RDd4bXc4M09mb1djYzR3LzZQajYybjJDSU9tWkxoVHdGODdOb3g4dm9JK25INzRtZTduUmtYTjRkd2pFN3pOVEZuTzJ1VmFGTzErbXVsaDhKUHVQSnNldTVYU3hmRHhQWjJiWHFMSnhJTk1McjcwRHBYZUt6RE40dy92S3NEYUQwRC9QTjlWY2ZoeDFLczcwdmNwenVQQUQyNmQyMlhqY1lQU1NEemc0M1VXa0lodkdGZGs3SEJKaWhZQitWcjB4eTREM21XK1dtRU54bndlanZJSHRsa0R1TEgxN2JzNllNZVBMbmhCMVBKaVUwYWdnZGVkTVlGdGtlb1FmeFJocWhKMXU1cXRVYXBHbThWKzNWazAvTkVPTkVTR2wzRVRrOTNGRGJxdXFTQUV2KzRBRU8wem1KMUJRY1B2NFdoZ3l5dXEwaGpOVmJ6a1Ntd2ZFT0NGY3FTd21xdGdDbDVKdUpzcE9nOUsraHNFS29qM1dOSlJMbFRCY1FrLy9BbUNNbml0V0VNUjIwMnV1aUZDcjZWZVJ2c3YzcTVSakNZelNQMW1Wb0padkJQOGNLSE1HWEZBakFFUUhFTVN2NFVZdGtibllkc3cyRjJBWExVZTBVR20vZ0wzNFpRdkpueENSM3FuL1QwZlViTFZUVUhEeklMWGhCSU91UGFjcGllRGR6YnFheHdBTy9ETkxmTlU0TVBVNnBGUVBnaW9PVWtaazE4cTVRdmdScmRudTNuSzdqOG9MNytyUjdFUjFPdEZ1bmNzRC9qVjJYYmI1cHYva1lmeG1DVFB6VTV6clhublhGYWZMRi9JOTNuWmNwTiswQ0xZenBaVVdNSnhJK2MvQjlxV2JXbVZ0Q0I1RTRXSmNPWG1Ra3NPR3VjRGNZVlVJSXdOWFp1V242VExXbGNpR3NmeHpYZ2s3SjlMSng2akc4eGJGazhkY05jVCtsbGE4OVl6RFFlQUg1cHFndDcwUlQ5QXRJTUQ0Z3I0Z3BiV2EzeFV0eitXbXpNZ3I1RjVhQ1dEdURwZWpOcGZrdzYvZXhIM0V5VEhZcEFsNFVuaEs1bXlvK1Bydmt1ZDFtMWg3cHBlSVRNeFFGMFNqTkRPZUViVjAwK0V3VWtYNndTWHU4eHgvZ3FIMnhVblU5bXZINW5kUGNaRWtRVVY0dThhLzREdXdrUkJLeSt5WlpuaThHQkdaT0lSK1BHdjVLdGxTWGF5OVRLK2FyaFQwRjEva0xnTmt4QkQyKzlJMUhMbmlsMzZlb0xsN1JxVCtrcUFWWC9DZ28vaXg3Tjk0SzJaQkUwNVhuc1VBZmt0RkREZUhCZTc2aTFSanB2L3BqNHR5UzR0djhjMlJPM1JMUVluM2ZUdUs2TC9HOWJvYnJYS09WdW4wNC9FVWo1bDNINWJxR2gzTm0xdVdkMW94cmJTdFMzM1hHYmNvRWRmaHdBMjQvemlqb1ZVYVVDZXZLTGVIMXBMMlVDK01ndEVDSWcvV1VMTHRxZDY3US9VRlFnMnJoUjEyZmR0Y0ZyMWNqeVNkWjh1eDdKQ1RKWkZ6TG5OM0l1RWtwOFgrejdyc2dKRTd1aVNDZ29sSmpNR3NpV0xaNllYaG1JS3o0WjBLSlhyTjZiL0Q0a3JybUNWcnYybHRkcjZudm5pdTRiWnFxN3pJOXJCMXJuWk1pakNEQ2t4WlBzOUt4bCtrbHpNcC9rV2o4Ykxhb2QzMlQ2SFBGU05SZ3d3SktuNHRXcVB1a0xDdzE4K0VuNm15S1dMRXFzejNacTF6dTBWMFBNZVV1NHh5dC9XQlpkcFNMN0lqRTRqSFhkUTJBNVZUVVFVcmtpazFjV1N5V1kxWlB1V3pUSm96YjVsTFRLd2luTHFMd2Z4REdxQmVVbW5pNzFqRW9zTFViT2Q3cElzTmdTdUdHOVYvY3FvSjdudWNocXRWNWh5MlBqTXAwcldGeFVuQ0hBZzl6MHlpVHFLc3JhV1ZjS2dRbTVVTTkwRFBOUWpCUHlac0M3YTZwejVhNUd2L29GTUVDdTg5dS9zbE5GTjQ2YktweFptRUNRNmlKZTBHU2lHWUJMRVVQdGFsVkw0QnRpZlU1dkJzanlBWFpTOXdieTBaamVhdURjZmtUb01kRDRuN3hLRVZ5RVkyU0Uya05CZzhCek9razRpSGlURkliZzk4b3hwMlN0SGw2NXN0QTFQSlh4UTVOYnphWXBRQS9uZDI4S1RsTmpOYTZmTHROWWIrbTZMVkYxaGlZNEF5NzBCcUVPL3FQNHZOYWxKL1JPSEYwVVN3L1o0cCtZdC9UVkR0alZOelVrSHlJd1J2dGcrNlpUZTA2M3hRb2hBSVZsU2wwMisyYk1wemU4VnRZS2l1WEtwM04vVXlrS1BGY2N1eEZCMHFwRnFvVktuN1BXUjRTS2lCWnhWdUtWUEZmZDJtS0ZjUkMrd0tZNHlCTVRyd0pnSk9MdnNzZytWT29xeFVoL2hHcUVCME1tNDVwWU1LRGNNaE1oRytCVnRzS2JCYVZKOFV1NHUvYXVvTmdFMUJMMEVDWjIxbzRTMkFwNEhwZFdOcGpHOHczYUhWUXUwZytDK1RFOGdsMDlRSHludHE3a2U3c0YyTWdHT2x6c3VwVXE0czQwUFBuT0JabDc3Vk9YTjhPc1JLQnFIMkZsZDAzNURmNTB0WXlsdE5GYXlzZi9PQ2dINmRmazVzcy94Y3VLS21YS2J2Q0o2S2tJcjhoRDg5NmRYbEtXZWRwK0kvajFyc1AwRktkZWw4eFUwRmRXVnV0RnY3STVvazlyNmp3OWxYdGM2ZFlsYW9MZ045dEFkNFBXNGNoSkFTRVhpRWdwa0dtc0VmZVNSQkE0NGltZEdCQklDT3BQaDM4c1NnSE8wa0VSK0VGbDZHYVhaZjNzdU45aVBXRjhJRmhBYVZoQjZWay85b3FodFQ0US9Hb2k0eCtZd2NQTHdqVkNkOTN1WWZnUXRXQnFVTGExZkRBM1JoSytIenY0RzNlcDBCNTlySVFaQ2kwYmdERkdPLzNiQnVXSjlORVJndTZnZlN3a1dPdlBWMUw0clVnWk1lNGZ4dSs2Q09kUTM5THg2eWdxeENjcVBDZ0N5eE1YT2dadDE2RFZ1VXZSVUxwcGEydGZnTDE3Q0cxYU9OUDgrV2cvTzkvSW1XdWJpUmkrUFQyUXhGcXkvNWd4SENWQVhnTWh1Z0s2ZmlGaVF2ZGR0NDdpaVBoV1k0dTA0WjhQVUZoL05IMUpDNk1lekxjamlQZTI4bWNBZVFPbDg5Z0JLN3c4cXlQSUdHREZ6RGQwQ0lUelB4SUZCN1hKc2hydWZvZUFGbHMyRllhdU9XZE5UQmZyN3NzTzVXSTgvcTNxei9pYWNOQkVvWDh1L0dJdnhBOUJxYzUvK0FTd0FISEJrSmoweDVHOUh0MmZ0VmtQS2djVFkyM2RUa2lVeWNHeStsM2lkelNLTmFMeDJFTmVHNXRUTUhOMzRSSVIzUXV5KzZQcVJiR1YyaEl4bXdwM0FsV21ad2krMzRSSVJUdG41aVF4d3AzUStnMnEycTA2VlhmZjl3ejJGcVR6NWp6ZU04TFR5cGNrUmZmN1l4TjUzUUg3d1JJM1p5QmlEeHg1VTdPREd5OExZam1zMDJCTlEwUTdFVENBY2x5TTlyUFBoN216d0VmUHlnQjcrZmVTSmI3T0lKRW9ZaEhnZzJ3b1Y5Vi8xU3dDWWUrSnd3ZmRpTmZhQVZueEVTUlB6MFcvYzBDKzZkeU1xMTJkM0Q1Q0t5VUFMTVc1MVp2RjFGNFpGNkJzYUJGWWk3M05pWHFjL0hqRlV1Ym9zUUM0MlgzZGdwQ2cvSklkMGF6VkZhbjNoUGpIdi92bXRTZ0Z4Qk9wZ25xYVAralVvYTRQdkJjdk95dmwxM1R6V3NCSlMxMjg2VnFuSklZWEQzNHZGc2JJUXA0R1Y5YWJlVGVldVYvSHd5VnRVMEprODZ6T05ocEZYcHJIRE1DeVpRakFGUzFJeW0ydTlBNjJTZHdVQ1RRMG9tS0NqZG1mdkR5a3lReCtzWlpITngraEFEcUwyUmMvdkNkc2hkS0djUnE1U1ZUb2dVc2JBY1hiZXl1dTZHaXE1RnlVRkErdysweFFHblFSR0hLUVBHeFdOZk04bXIzNzNOTjhYaXUvcVNQZHpiOGFTYlM1MkdLaHErQlZFZXJqTEN4T1p6RGp4SUIzZnBCUTlKbDFKNjNSbjVacVRxTVhYcUZKSGZvRjF0R21VNTVDUUtybHp1eHZET0J6T0RzVHRxYXl0SkdpbEVzRWx3VHZncnBsdkFQWlZDMWZrbGthOTVQUmtSU3g0ODBSVWZBaFRWd01DWHdaWVQxaGpBcm03d2RwTjM2WjQ0RkdoYUNxMDFOV01CbzJSMHBxZlhnbWZjY0J5Skt4Z3dvSG5kLzl1RUs1UC9qbGhRQm5LMlJSZlFKa2ZGUVliSHhvZ1N1V3BLQ2JxeE4xQkVzYVlsK25mR3d6TUhFMnJvZS85eURWSzk5WUw5QnhUMnJYbXZCWG1GRm1YdkFUd0cvK2wrY2h6YXRCVHpXMVpreWcvTGIwZ3FnOFBKeTNjeUdZckJSaHdVNmFzUmlXUVRMOHJVelZ4RFFWWnE4RjFTd3ZHYjMwMVBCZFV4UGFFbmZGRmVGejlvQ2tCSHhQNlhMUnJPNUZyMXJjRGJSMTdhaGlsUWF6ZEJvZW16U0hMSy9EaEtPcStIVElOWU1pWVd3VTFqc24xS2Y5NDB0RFMwRUVub3hrYW1od3dtS0JFbVF1MC9VWXFTK3E3eXB5VVVmK0dpT2VRQndkb0t3cXdyRlNuZE5tQlRpc1p6UzhGQWhlalNYdGlrOFgzS2RzelZCekRHWHUzUS9HSHNLZHNWSlhvbmJqMXNieUF0VitjZ3d4RGd3S3htRVJveWsrZ2dYQ3BETmI4ODlGeFduN2NudVhVRFBSaU1nNnkraXI3dzBNMEZ1TWFKQUxVd2ZEQnBBVGRlVjhlWDdac1QwckNiU000aTFtaVhlelhNMW5ITmRWVkcyMldZdDFRbHIxWHNScWpMRTJHSlVORVZ4RnhOTDV3ejAwbTVpSHBFVElaZWxUb21sK3JxekxUTDlrNkRqN0VTQXM5VnY1L1ZnYnpiQitzRnJhUjVHM0ExREFsM2I5WW14bDV0dE1RRXhXK1hUQ08zRmFIRzI1M2FTK2tzSXQ1VUJpWHFoRnFqcFc2TzYxa2k1OWlSbHVwbStrZVlzcWNRbmZ1N0JZbElmUHd4M1lseE1wTWt2S28rUVYyakh4SU1qRXl1M05MSkJZZmtOd1BwVnpJZkxUWjUzNmxPSVdnVGg3UEY1ZmhHZUpEUmtldWxjZGlOUzg4S3Nva3JKZVlKZTJOWlozNTZpUWV0UlhiT1NWOXIzWkFmRndPdnYyRUs1ZXhYZEZsTlpSajY1cVRVdzkwR1RPdS9TZ3VnQXJLU3RLWm5US0JaOUFWOEZTMjNWSjFONmxUTDQwb1p6SmtYUjdmKythczBXcHJ1SDBPdm92NnpnYkRtdTEzLzZHd1BzUVR2UXVrMU5sTk9hMnB1V0FDb2tUczZCZlJnbVJ1c25FOG1OZGxlTkZlQ3RGUGxLVWhvMzVId1IwRkJiMlpiMk5qM2NWM3ZrczY5N2wrTHpubXRxeUZyMjZSOW9WQjFUMHFXcmtnMTRmVkNTeGdUdjFvTXVUU1NUWmFOcXBWcVZZWUFPZG5tc0RJTVk3Ly9yMXcwL2ppWHJYelg2YzBmQjc1WGNtSUJBTjlaMXpmSXE5T0ljVVQ2UXZvYTJuNFpaY0R1UVF1MmNCODhJU1FiWThjbHp1SHIxYk1JQXhDME1zNjdCTWZqNFFMYWtaeFY1QmNjM2dyc2Vkby9mYzVEL0M1RVlac3N0dUovc3IwTmc3VzNmeThNdU5OMllwMlB2RTNBSUZqSFoxVWtoRUMyeEl5Uk1US0NORWtLT1RJeStPZXBEVHNrSDM1a3F5bW02SktpV3lKUjZNT2FYWjh6TVdmR3d1SlAyYU90NjBLZUFnbXYwOVlHbUZrNHYxNERKWDZhQ2FZSnpUTkRxS3R3cWQ4eVpiZWpZODhKbGo2MkxsRkoxQXNFaUhNeGVEbVRPeU01VUhTcFJUbTlLTnpZNnVReUhhT2s0RzVyRDZWNHFydi8zK1dIYzBWZVlRYnAzb0ltQ2o0aFM4VUlzN3dSQ1lBMEpKcXBScWphaGZySDJDdE5XV01rQ3Urb25UUW9ma0Zqd0M3VFdWVVZ5emhXRVl2VFFPbXFTbDhmN1FFY2pEQjFZSXBSbEM4QVRWVG81elh3Uldub2VXdkhrWGEzWnp1cnEvVUIvRVlzbG8wMUdEdXE0dmdZRmFwVTk0NlowU1lCM09PMmxJM1RCNDFLRUNOYm5XeDltK2xiYk8wSHEyRUgwUU1vRlhKU0IvRFBmd1JSejlZNUpJdmFhdDUveElibEpURU91b290NitTMnBQdUFGWUZWK2xmaXp0MHp2YWZEK0dldzhhT001NlNXTURhaHZ0TG4yRlZ0YmhxdzJaN0tSSTBqS2l3RVdieDRWeUVGeElCM1NQaGlpd1BmWVM4bG11aEhrVDU2bDhISXBNQnNkdUFQakR6TDdYT3I3MGhLZU1IS0FmMEJYQ2dONmVXUHNaRVpoSjNkb1lTNVJkeTI0b0FqTTlqeU1WSzVQR3ozUWdmOWJLaytQcDFGdFUzNjVXU0RLYWl2UkJsT1FBSVQ3aGp3V1NyQWV4Z3JPWDFjY3JLUlB2b1FBM1VnTE9raGhMN1phdW5rNFc0T3R4MU9tM0U3bXVydytFb0N5SXgvRXFGTktoN3cvcEZ6MGY1NHlVL3FGMURDZDAydERtRGxjWU9YZVlpMnF4dFVRRVluQ0E1dkpnMUJGU080cEdHSlgvRy93cjhiRWRsWW9QbUE5eG5FL25VK1RtZkp4aWxxaU42bGJrQ0srZVdHRTNPUDZvNDdoQTVyMnJRRnVybVVGUjY4QXVpbDBpVTZoWUJ2eWh5S2MwYkhEWHNQNUZSbmF6TnZDWFNOL0xwQ0hrenJML3NEV1lwOFBXOWhyTTBCek5CRHBORUE0N1hqU0xFbWpNZmU0V1dGelFHWko4V1BSVGRnSkt3c2xteFRCOEp3T0w2K2NWeG9ZK0RjeFRPMXRSYm81K00wYVdtaXQveksvM0RCbXFrKzJsQUkvM1pyUkEvbjc4dHRQdllYS1B5T3pkODhPS3lLRDNZN2dMWFdYUkZuQmp5OWJCYXpKVzdFY0FXRnR1M2FiY1FSdVFITW82c2kxSkoyd3ZOZHdkaVc0b05GUlBaMTYxamREcHA0UVVOcFE0alVXbkZvRWl4dm5PUXVWSmxkd0E3NUpCN0NBaU81ZWFSTkk5UWgyekRLSzdHait4OHVjeUhXZjF0R2dIWE9nYndYdjB5N3laQmVlUjhmZEdwNUtqUWlhTEVEWnFYRkN3N3ZmZC8wVSt2NHBhVWZvUjZtMm5QRk1BZmZyTEpxYmJyL0dWTEpmRHcxNUJZRDhNZHdSSUovaENialdXYWNMUzFCV21KYi9pWk5pWUlmc1g5NGNQb3E5aHlMY2Y4NW1NbU9LMm04NkwzNXZWTjJuTjI4RjNRMkxlOGZKSC96Q3Y1azVIL0paM0hqVU1RazIwamx4MFpZZUV3NCtGbldWbXJzaTlMZ2lSSWtNdHE4bkZpZXZlczdVV0dGbkZxSXlsNU9IY3dyZ093TmlJdnpQSXU0czB6VzhuTFdIdWV6ZFVUZXB3TkJibHVRcVJGdGREK1J2dGtVQVhiWW16VElzOTlRN25kaTltb2E1Y1hUbWEzQk5LQ1lobG1jL2dLK2Zwd2ErOVQwT2Y3UmNURnBENDROZUdWODIvNFNoYVcvSHliSUJOWUtZVnBzQW82YXFSeEV0S0JyODBOUENnbiszMXVIU1lmY0VnRmt2S2Y2T2ZqMXhxT2w2VFV2Rkc1YkNsQkFzRE9TeCtKcHVJVkQ3Q3ZKaXdnT0ZKZkJvOHo2WCtteFRpOURaWkVKQTZ3d3I2ZzdZU1IyNzF1YlQyd2RqMkZqVFZJeWhJUHpkemVBMzBOYlJ2VGR3OU9pemsvL1BFN2Q5RkwzRWZkNnRUNFgxSzlKdEw3QitMa2FHNnlFOEloOVZhS1ROSTUrYVM2QlpRVXZTU1I2QW1LajRMc3UzNURJSlMrNm9YdXN5aWtram5YL1JNVTNwRWhHZ0Ntd0RxelJTNUphUDJXVVhsR25zaE1jWVZ1c3kzNzA2aFB5c00wMjdUUFZTVWUybWVqc3ZKUmtlNXl0WmNUczF5cDY1a0ZGbEQxeHEvWGdSSzRxU1hHNWFteGpkTGJ4bkUzR0FMbWZycmZpdlFNb1pEMG9pK0c0RWI4NVo4Q1JNUjVpcDdkcGVTR1RrQU5QNDFQMFZidnBtM1lJMGhzRS8rZEllbWVuTytSbXpBWFltVG5OeDVjUlZRL0FHUm5VbC83SDVJcXdZU3V4WUNCYjFYcjRrOENCZWtlRmJ2UE9yaWZSM3QxZ2s3SmM1YVRRMDAvS3d2THUrOFpKWk1iNVJiUzVjYzc1cFZxZW9vR1Nwa0dVYWpyVVpnNE5TSFZDa3c0VG82OTZEOERmRkNpc011RHZmQnkxNXM4cjlsbmFpU3ZWekFLcVZHTjZHeCs3bTd6NGt5QmgrZGorMnQrUktUT245QlJJV3NnZjlEQVorMWJRQWNEV0JuL3Z6aFM1bGYzOUs1Qjh5eHloVWlTZjRhVmRsdHBjTlc0ejRPVndvSEROOTF6Z05QT1ZXeHVBYVpNZnFaSUE1Z0Zib054aURFbVEzaUFuMHVseEhtclVIRTVyNUY1bkNGNWVKV1c2WVVFVU9FdmtKeVN3RGk1KzNTcVdRcUN6em4zZ3FsVWNhcFBvL3p4eks4VllidUlGOEN3b0Y4blkvczZWekFZeVA2UkdTeVBEZnZKWjFkck1aKytZeWhKZVRFck9mWWZ2Z3dLUld2eFdRaXVmcXBwcGZJNVNTbWUxem0vOFExYjN1M283bzFuQ01zL21OVHJtajNpL3B0MFFBVklxbGpucEZNTG1iSnBOZXZkNW1WZ09qaVNGMlZPM2hjRkNVNndoN1pxQlhFc041U2tMY2xtbForQ3IzL2JCa2ZWcGp2dlpIZStRMS8yVVMrNGJBNWxpVzQ1UVZ2LysyZEJxTllMNHMzRE9JR2RjSDBNL0lMWWswVC81Rnc3TkxYRlhPL3BncEdUVHIyMldZT2RvMGowRVVTVlZBcTVRT3NOVjFEQUU0RlBzUkZTeTVhYzkwREhqa1hJRlIxbnNCVVFMOFlBcDZMMlZmaHZBc2kzQkVvOHdzQmp6UGhScncyc0V4MDZnWitRQWZ5MVFZOW44VFFzTVNVQnk4VlFQSlZKNlhrbWJ4bGIyUXczVFM4MjJrT1U4YTFabFlZRFhwVlMyN2VIOGQvZDQ1d25kS3g4aUxJUzcyYTRsT0t2eW1iUXBiM2kxSDJ3dmkwSnZjTXc0V01KTytCMlhXMmFMSlBxNXB2VGtHYnh0UUFwbDIrZTY3Y01MeVJWWXo2R0FKdmlRczFMaW9ERkl2VDhZR1N5ZzZlemhQa2ZkdmIzTzRqUExBSFhXYnR0bjJjTTBDU2FiTEZMNzhWaWFDb2h1dk1BVmxadC9MNitEVkVqdklsL2J4UW80Sk1ZOUFpVHk4a3dkdWF4a2xBelpPSnJMSmo4RGo3aXc5MkEyeVlsMWRreFdQVEQzbDVMeXRPMG5GUEQxa0hoSEJVbC9jdnh1SUlVNkFIdVhaRHR1cWJ0alFrZ2RFYUd0VUhYZnk4TnBvVFhHcHFIdjdPczdGUURSWGg0Q1p4RTVzUXpvekt6emtpeDBZMEpNZExTUHFrRStLczR1L0k4TWIwTEJwUjZGRXdxNVd4T1ZQVit4bU45enFMci9iMTVicFBMa3Vwc25LdDR3UmZjZVVEaEhBVFp1VDl5ZUxpS2lod1dreTh2QVBEMUFrVm9ldkFMTmFEYTNueWJkMXJNQWp3WC9nNWR1SVVSMW54aVZEbi8vWkRXQjhkd2NnS1VUNmtadEtHaklVTGlyTTd0RUdmVWcwTTcxS2h6NG10SVcvRU0xZVh0SmlVQ1h2cUVrYW5OcERLc0ZkbDVlcUxKbXBDb1haOUZ0bWFHZjdPdzFBeS9TeHlYeENaVVR1Yjh2cWFkczRtT0w3U296Y1huZlBhdEVKSTNRYTZyRi9nS2FNN1dKcjJveFQvem1IektETjdtdmxCU3FrL0RqU0g0RnROanlCaExGR05mdG11S1JUbml6dlVKa2Q2eWVOOW5veHdyM1kyc0paMnpGd0kyU1dtbERtRGh1eEdXWXNyM1NhYUhjdy92UG11aTNjajgxcDdiU3NQeDFva3VGU09wWE1YeGxhMU1rcSsxcTBKMG50a1lhb2gzcTZ2a0VOY2ZnREFOb3Q5UCtCYXkrZzRSY2ZRTjZBUlQ5RUt3dWFPYXp3dDFvclBnOWJWaC9XMmNZVVdhRmdaWEdxTzh0bHpDdDlzUmZKTjBYNXV2bkI3citQUHNFSFpDblJnWmFjakFZM0FWNXFCeko5UkZMM2o2UGcyb0JySkRXYzMyRkdpSm5JcVFzSzlwUjB3UnpaeXZxdTI3a0lOdlo0TExBZTZnRVRXUmlRS2Y4VVBNRTZ4SlA2aGtRcEU0U2NwdGRyUnU3TEIzUUs3ZXB3MG5sVGVlZkN6QTZRL3Z1czlhdHlkWXlyK25jUEdvbGNvcmNlMWxMc2xvcURkYmlvWm1uTUZ6S1k2a1M4dzNyNWQ4aGlRbDlDRGc0MW1lMGF3QVVubkRYT2YwQm9KVHd4UEg4TVB2ODAwNERQRHFSRWpxT1FzYzczbjVOUjJGRWczdWg4Y3EyZUpRKzVkVENrdEFFbHBOcHF0WXVPYWdWRWhXMlRQM0V2MTlRT09VRFBzWTR1SVBLdE52NFFIYVUrQnFuSUZvRGU3NWxBZDAwMFQvL3JPeC9GRVVJZkJVM3FESFFXTzg1QnpqUTREZ3llR2RkdCtjS2lVVmx3NUEySlozVmdsb3doZHJGaHo5bnE2b0hYV3Q3dWdoTDQ2cGNJRFlkMEJEZ3IyUURORkJzcTFzSnNub1RjWDVJL2w3QWJZZDE1UUJLczloSjZxTDBIWVlTVDFPVnZNUitpS3E5N1REMC81a1BCYzRMcENtYjNETFVjbWIzeEticXVpdDdQTkh4ZGpnamJxcGZlZG9iZjNrRlo1dEJIWVB2eG5kazFnMkpDRFl1Ukx4cEk0ZE9ib3hrMm9nRDg2Nkt4TzlmTCtCTGZieUphMERXSzB3YTNyK1lEaGtEWGhzMmlqdHZZcnNpbk9HbnlyUk45eEhOQy9kL2wwQzVITU1HUHFCNGRuTzRFWDhHZmVhd0RuN3hYVCtRUnFGTnlGUitxM2V3NUNtY0hHNUp5NEsxMVhPQjM3bmJBS1dvSEJNcGNTTkFoa0xsUmpCS2htU1ozdUxEYnpLRzZRUVRYM3F5VExXOUY3dXYyOUg0YWJiTk9kY05tbWowaUxrOFJyYlJtOUVCdTVJTklOMzR2UWdwdFNaUk1QSXFVYS9wTUJEbnJJeTZqcDJYM1ZTUlJJaUpVWG0xVitLWHVsVnEzWnpxa25HWG1vZFFYeXpwQzA3VFFJYzZhZkFQZjhOWnhZWDYzZS83a3psUkFrbHF5ODBpUzN1OVJKTHFrSG5QMWoyR1FMN0lBNDV1RFNvcU9NaUNwS2RPbmdPZFgrY1h3b0kza05hK0FUWUFqcmdYN0QyNmZZU21MQmg1dDEyNkFFMER0SnBjQVNrWjg0TjVKUm1nNUx3aXpuOGdiNnhzUEFObjYwQkJScHRTOFBOLzRCSzhnbXE2QVpTaFYrcXlnY3BoZVdvbjRuY2VUZTYyRU1sM0ZNT3FrK1kxR1lycm1KNDBkUnJldFVXVnZybUxnMmwxWjJSZ3RoaEx5VURjUm1idlBaWW1sVWxlcmcwQXVIRkpYWTNHMVl0dmRObmFCMExQa3FNWUtRZmtEcUY5L2p3eFMxb1lORWx1MFQ4MmV6UHpSanBWbW95MzhRR1N3enFJSWU1UjM5aHRCNUF2QU1vWnhQT1JMeFBHTk5VQUN1aFI5ZU9kMUtSSDFNUEhxN05aWTZLQ0grUlF4MzRhVjdZd01zQTRvU2I1endDMXh1cGlINlVia2RqMEVxd2lRbzNuRDErOTA1UHRWNVdlbVJwMmhvYlppb0tKVUR6MlY3b0FWNWY3Y0U2dU04TEdrY0ZCdjN4cUFwcDJzdksxdW9WdHZka2lkUFR2SG0yR0JoVGFxV0d5V05kdTVVQS9jQVNSL1Y0WkN3WHJQdlo4bDE5aDk4NmxWbE1HMnBkcDhyLyt6Zzh5NFBmajVrdVpicEVlZko1d1ZMYTlEQWpkNHlXQy9ma3FDNHhwNWthenRMOXNqaHJmeEdYeVIwQTU2ZWpjT0xoc25saHVNeHp3cDE2c0FFUTk4ZlJ4L2xEd3ZWNzVTWERwSnZkM09hVDJUcVBJVDArRWlBaEVaVU5sTzVyMXpibjNrUnhsbm41bncyUktralFIT1g5OUZBRVFreFVLbGgyaHgxUFJMU0d2alFqbm9uRDRCcE03Q0hrdE5ORjVRZy9sbmFmQ2JwUHRnSkNUN3Y2UDUvNThST2hXeFRKZVZGR25pRkUvVm4xbkRuK3VrZjI1N0xCUzhvZUFpaENWSWkyTmVQZUsrZmtqTVJtNmcraUw3WU9MNy83bjhmN3dCdlA4anI4Y01uelFjKzdiTFJhcnNGTlpIR2lieW4zVG1LSS9JYU1nOGNuQ0pKSFhOekxEYzNiSlRpZFErZGRzakZVMVZWeDlPQm5VZm8wU2xiTlVEdG5zdEJadWN2dUxJS2lEMFhkTktCYkNpZlYzUGxpSW1uTmpNb1ZGbEYxbnJ3L1NVdnpjcjlqVkhnai9lWWxUalRoeGVIV1o1eS9jODdCcVMzZHNRRXZUYXByNFp6SnBvcVJUaUdwRkwreDVzRjdERTBWVmRDeUJpUFBOQkI2TVdsSDBCamlOdUVLd25mUlpRb01wMXpteUtmMlNRWGdVVFVUMDNMQlVzbWI1QXhxZWQ5Zng1TVNWeHZKektUQXk0Z3pRNFpTdXk0M0c0dmdzZDVuNWV3aTdITzVWbG5FUzRDN3ovWThGdGNTRGU1TWdPSHJHaDJMUmNMRnQ4aW41WkhpL0lESnB2QkVsd1J4S0lmcUxzVmZqZmFJTGExVlVwaTFUUkdGTTZKbE85YkVNLytUYThqYiswUlllZXM3ZVVCTnJJdnZiTFdjWVhHZEVsZC9KL1J5SGRGY0J3Mjhua2dZRlhBQlB6QktJUHEwYkl6TlhsU21IT0ZXZVNwbVY5NURERUZvWXVWMHExWlhtekpnMzI5RzZ5WmFVTU9BWW84UUdUUjZnVzRLNkljR1BLbk1SR09BNGlJQXA3SlVuRUY5WVd3WVdpWjd5NFI1SmFjNDVoazRTN3NTMUJraUYyTFl2NTdEZDd1TXdVT09sQzRNNWNrZUNFQ0NnYTBrSVdpNDRObTV3aWhIWExudW1mblorcjlEU1JjN1B6aVpTZCtrRFFGcU1LWXZmK2JTZmFYaENxbjlHUmVKUWx4R0d3QVErUWs5ZXZLcDFVYmNCSk9TSExnd25pc3hORC9NZVRSb2U0NnVJaTVFV1V3cDlCcWU5WXYvWDlFSFhRS3k4dlhGMmZpcEtacC9uT2NqZGhOSlFQV1E0eERKRlI3ekxYV3J6bHNNc2k4ckR6bGF5UzdzazBVZXZGOTBpYmF6Wk8zSVZuVkVVT1U3dFgwYXZ2Zy9FaGsxM1lmakdhTXVuYlR6VEQ3b2RJeDdvVWlkaEJhTnllTkVwd2gwY1pDSTc1dUJQRFh4V1ZqMFZpYjNQSXhMSzJXOGV3VWpDenIrVy8yV3I3cUU5UmZuSm94ZFZ3dUc2WUpBaXUyMWQ5TFZuNzhQbzJDL0h2aHBnaTAzNjF1MU52elA4czdXYSs5UTh0RmhLSFk2ZHRPUGg2ZDhPOWFzQU5Ea1F2SFpaSlhVb29VQVhmQUhiV0dsUWJ0RHpyL2s4T2lEb0hVdXJpN1BrMG5NbDFLZHZTKzZxelRaclNia2x4K3lDcE4rS3Y2aUhCSWdCYkJ5N1IwbGlpRGhvdkgrSnF6c3pjalBZbXV0Ynkyb2lvQzBMWDIzY05ndzlraXEyNHFrbUtaZFVtWlppcEo4WjJnWmlSRUFmVE5UcG1DTFpqYkJ1SU9YcWFmMkxXOTE1Q1Y0MjRnMU80YTlzRUlHalc1L1ZSZFVsOG44ditSM2RVdnZuL2JmS3ZxZjcreFpmZFViN21NQnY4N2JhVThGZlhYRVpsQzkzbXdBU0R5UzJRS3dsZ3I1a3FJWVRpdmlWa1p1UHNsWmlHcE1yTVp2K3dyd2tEZ0ZhZ25oQnpUanpZektwZW1MK0IrZVRuR3RPYVZUS2h4MVRnNDF5RVFuSHRacUpMdUZoWFdFY1RwS0xIU3M1dTZNOGRuT3RVQkN3eWNTNDBhZmlGOCs5dlhFY2gxMHQyNXVlWEJrenFQQU1BaXZyRmZQS1k1QTZVSFZidVhIZTBWWUZ2SUVQQTVPWCsyYkVVZTBhTjl1SUZMWXVpUnVYaTk1SEhGM0JJeUR4WVZuNVlaSnJHaWRiODBkNW9SYXpZTlQyYmFPUkpvRmE5S1BWanNZSVpkaFNUT0tYQjQ3Qm95T2ZSTEppVGM1Mm5TRW4va1h2a3JHcStybENYd1BERUNWM1gzaVFxV2hRTjM4REhqbWRCNDRmajhjb3BtZ3RPSWhyTjJHK1RGeW9hNXBSK0NSYzBZK2VOWGN5UFhpQUE4eDZ5NEJIa0NNVXlpbnVRQjBRYmd5ZFloQnZxMHlGNEI1Z3JkTVZIRlQ3VXJKMXJ1T1VpV0sxRCtVT25rREhSV1QxSTZPL0Q5ZlVkRWpKY0E3c3ZveDNLZ2VNanMzcG5PNEN1NjdNekZERGJ0UGhpNC9vbXFzdlorUk0zWG1mSm5QWmVyY1E2akJLQW5rMUlQbW92WUxockdMOWhtS0QzbXVNTFVXSzl4NitIYnAvTHZSbHA2QmhURjFjdFFRQXBHTDBNZkZxT0NMUjhocThtT3UxY1JleTNwVGVoL0EzK1lOL01ZOVpLK29xR013NE5tRjZUN0pNRi9xWGdGMFlldWVOdFdsUXFYQkJsamJvYkJuQVZ2Mkhtblpva3plMmdwSUdPOGxkN0I5SlVBVEhta3AwZXdYNy9OWWgvdUhRU1A2bU5JeDVlampkblI1dXRBTUoyZVVTRjRiaUt4UjBGS29ZMGRCQlBrZmxCRHIray92WThZNnNhZWkrK2Vha3EvVnFqaXRrampkY3ZmMmpKcGg0OTZTcHcwdURDTUVXb0VtdkFCOFIvL0FJRjUxa2MxaTVsUmhnN091a3N6YnRkRlBwTFdXZ2IzTWV0RWI3REFtVXBpaTJ0RlFObFBtUHcvMTV6dWtrOUpsUmFYNnJxOGFrRStTS3NrU3dCK1dnM0RNZWtJUlFzWFEvaEJXQWZnM1NUZGd0aXRUT1VwdTRhODB0OCtOL1hpdDMxYUxDcFdNMWk5Tm8waHlONWprdWZ1RktFU3FSOXFXNFFLcURsYjFlcjQ5c2ZIa1g0Rmd4U1VhbDFhOUpaTnZYc3Z5SzJGTjA1cXNzWkRKRG5nSThWMGRqVnpQNDFrd2hiS2krQldRTDJ6eGxLWHN4aWZqd3BFRmJ4US9aekM1OTE5c0tHY3FkNlR5Z25oa3MvOW43cm8wSWVhelhXM1JoS0lhalpLMUNaRlFjZFVSa29MOE1BczArZG8wSis2R1IxZlVVVWRSQzhUY1FieTBVTDVXR1VhZ05yZU1MNGxaTGJlcGlrbHpnTk54SFpwUTdCZVNselVtUmdPQldpVjJjcGdxKzAxMG0vWmlNUHEzeGZIQmlzMmlZVEJsbmllTHdmZUhOK3Z4ekZ2OTByWjYvZTA3TVFvRlBESktKMGsrWk0vMDFRRWE4OXc0Nlc5TitzVkV6cno2VFVYYXRHK0p0OUtDc1lKdzI2Tm1EMHFYb3ZuNzB0RDU4UUN1MHU3UGRMbUd4amtRd2gvdzlNS0xNdDhjUXZRUEY0Q1lrckticWFMRVYweXlWaWNaditaMDltVGxtblV0UVgwL2dOVm1ZbkxDNDBXZDgrOWgrMXRkR0FSNlFmQmRyV1MzeERTdWNTZTZaT0tOZEVXYVg1NWovSjVtSTBDdENtWnVEZSs1UWx4VjNHbTRQWGRyc0VZWUgzdzRHTDM2REc0bkxLRCswdmI1REUrRWdaYjR4MXVlY0pTY1E5elpXWmZuQU1zVnRKNGt4T1dWZnBJUm9xenpPNWV4MWxWRUtPeXdTNUd0QWhwZ3p6Tm5EdFNKQzd4U0hyQjdjNzFTMzdKNThsWU5meHNJN3FzcWx1WGFqWnIzbXZOM3FqSVgxdmI4OTUrL1kyOGJiNjN6UGJRNlhmNHhpWFVrMVY0ZkVETHBHMjNHSnVyYWpRNGVHTGg0bEtFclpiNFFaOHEyenp1My8rditBQkw2WVlYM1VaV2pYSU5jQ0JFaTZxTmtuamVneXk3c2VFUTdWTlRHTnNwbEE4RE1jMU82U0FtTVFPZXFibU5ZMU1oYXY4NmtSWFhFQXQ1OVZDa3ZYY2FwYjZpNFJPNjg1WlRxQTBqZkU3UG1nNC9heDQwdnliWXJZLzhNb2FzcDc0MVY2M2cwNXMwRnFDYnpOcTVVNTBoMXZ5OFl1Umcwem5rdFFlYXU0SEFMTm1LZVVyTFdYT25JbjdVL0pOV0tEVHYrNndrc3pWTDZmTnR5RGxsSzV2N08wQTc0di9OSEtueDBEdy9sUWM2RnRkWHpzL0NkTFJ2N1gzYkVob3I4VUJTRUdBM1JYZlFtYlBqZnovWFVNMFBUU3duREcrZEhEZ1pqdWlhbCt3UTR3RXhXU003cW56RlV3SStjUUt2TVRiZnQ1OXdFNVJlLzRNaEZpTE9HYjA4cS8vQ2V2OE5RV05YZHVDOXhFSm1jRHEwbTN2UDQ1NG5KQUR4V3MzajRQclU0aE5mempENmNIRkRVNHlhcVh5ckJiZFdxOGcyayt2d2cwMithQ0J1cUlkMndpSk1vZjRieGxrVUoxV2NHOEMxWjM4dnpwbXFXUEZvZHdEdHR1NWc3NUhnbDZpeVZqTVNsdG9CRHgrUDc2NXB3TkE1NHRiOTJPVGdlc05DaGJ6SDF3cThGUTQ5ajMyQTZwS3U0WC8yRWRMdUtPZkJvemVlN3RJTkZESGtiQTIwOG9EbHlKSkJVSkJ4MXlCRkNBOU91NjFYN1MxUG5LWUpocnJjN3BTa3UwandlM1BXMEFSV1Y1b1JEVHBzMzFRaGRkWnZ4bURhOXVSVWdRMVByWlB1b3p4SUVwNHkzRnhpcnZ5RENSY1ZOVVBMcmsrYlRmZ0hQeHFBb3ZuOUtXNU9mdjZLRUhiWk9kR0YwYTc5NkhmQkdHQjZ0eGppdG15YnhjbWhoWjRuZzlzVDJuWi93MjA0cXoxcjYyNTY0MXIyL2ZDcDJEWXM1NSsyaTRhcXZPeVpqRjlvUUl3c1g2SGcxYWVlaU15MXZrTzJLOFE1SEVyVi9SZzhQb3Y2VmhSdmFicW1nQzdnVi95amlsVGp4MERUNnRIUzhMMHp5bmkxQlZFNjRWWEplbXgxZkdTZ1kybld5WjRaZGlaRXA5Um1NNDkxOXFnQjFVNFdPQjhuak5RL3VEWitaZU00L0xwclpJRGIwVUk5WllPUDZhWDh2Z3g2dm5qUlpubXcxMHI5Q05vNDNZVVlSQnU2enRRWjFFQzlyTVF6WU1lMXBxbVdUM3RNU0FENlUyeU9JQmcxUUh4cUtac0JEYnN0NG5Rb3pwVTVmNFF4dVp0Uk11QzYzQy9ERkxYSnQrMXRLVGx3elhuUlEzMEN2aXRvVVFsM3lmNGQ4VmtyQndTL0pZaDVvU0o1R3cxMFkzYUZpd2pRQkwyM2FkOW1QaXUyRVlKMlJVZjVGSGFMalNLNGZwNW1iYi81ODBZWXFhTTluU0pCSzlUeEQyTWYyU2xCb2MxT2hpK2NDbTRtajJBVWhraE5DUExjT2Uwd2VEZ2Z0ZVlJSTJ4aFhYakRmelBQQ0hGU3hiRW5SQW1MNE1FTWRRUTUyaTJ0eUs1bXdGZ2RYWGp3cEJEMFg0UnZMRUZ1QmZ1MmFic3oxN2xlUFlCK0pKbzBaQUV0cGZxQTR1L3JsY3dyRmhHVXBKUHVOT1Z4dmVrbE5neisrU1l4czB4QWswUE1LdXdsWHc4N0hVSDd6TG5IbDdwZFJiNW9Zd1VZSnNqRWZxTEtMVU5MOGVjZ1FRVnhwL0NFemIxektKaEpkdXVDemdyZmw3aTNzTGVvNXZ1akVMRkE1WVFlTHVVVWxKSlVZSVczQmI2TEVKSGwvTVpZa1FDQVZmTDdFTURsYlBPU0dMR0NrVFFzNWVyYVBUWkpzN0pDMDdBWldXeFFvTnZKUUYvWjhaSzY2WVVCR1JCSEpBTGtPZWQrOHR5c3RubUwxdHhHR0J1RUJWa1FSYUpHM2o3QjF5bVc5Vmx6L1l2bjlDUE9OdGc1U08vYjRMVHJ1TGJSK0JPMzJhQXppaG9KaExGYzBzSkJOT0JVYjVmbWw0MlgxMHpLdDBtb1RyQjhMYi9pU3dXR0xBSGdYYlhscUhQWnYrMjg4eVRYUzNjSkUrMXBNZloxRVpqbHYxbXFwQitxRE1iZjNITnZGbXM3NVZoWUZLYXp4ZHRuTGFKUElWNFRkdG03MGEwVHZoVVdmN2JzbmFiQmQ3U0VTaDFRcWtrUzlXcU9sSDFtNFM5VllvU2hiY1NzdHM1Mlp2VDQ0WVdWdk5OTVBQNk15SHUreXdsYVRZRG9YcC9vMXhBcDdkclFsd1JXT1JsSmRBNHBoMkJXbWtxVy9DNTg0NUtyaGtjVmEvTU1VUzFaT3FnYUovRE5kREh6R0FSY0g0NHkrVm01dWJ0VDdobVNvZTJGNjFwRWxQQ251Nmd0WjJWNlY2TDI1bVVsNkowdFhzOTYreFY3QWdLZGp4MG9PeVRvRzlKVkVTZEtPa096ZUQzWnJTbDhjNlZFZGppTE9WNzBHbDJPeHBDSDVpYkRqczl2S1N3cCtmb0g3VTMzZFFSa3g5cmNSdHJYRUhieTJ0SEtpS1BqUVM5OUpRQzAzSDljTGYrM2dBZVdvaW5UMUY4dGJqNVdEM0gyYWYvZkFJRkI3eDFTOU5WM2FRcDBVOGdlM1ZGdllkTGhadFhGa3FpZkE2U2dNdC9jVWQ1Z3AzUXEyOVZpUTBhUHRVc2xyMVVkbDBDMjVFNjRGQkdGWlgwS0xKT0dmdkt6RDFHUzNyakVZOXo1UFpxVUN2SVdkaWI0SUdsamQxZjFwZld0YXcvaTNXVWRjdm1TWnJBQWx0TUVHTko4S1g2ZkI2bll6NG1ycytiTDZJd3p0QjFHRktidTcyY3d5RU41OWlpT3htMWlLNEEzQStoK09ob3BnT1Mxa2lDNmVzWHNjL0NaR3J2TzUwVUtsclFDWHBHdStoL0l1ZnBvbjRtaDI2V0dXUmtNdXQvL3YxS1J1WElEM0p3OUM2Y2ovS2V5RlpCbG9EWTFCRVFpWU1yY3ZDc1RLVGJmT1hjYlNRZkx3WVMyQ1ZlM2lxU3VOZzFoMWNjN043Y1hmVTRBRjNLbGxHSHJ4dkp5MGx1L3I0RU5Jd2ZuNll2Q0hqQXV3QkRDZ3FrRk0vNFZZNTBLTmR4UnhpODhWYlVyblVNSG52QVZCSi9WT1ltUldNU0IxWThqZG52Vlp6RmZqejZlRWVZbDgrYkRWUGZPZ0c0MEpyTEZFSEV3c001NHdqSUJROGdPYVVXWkZtbFYvbHNwSWs4SlBjTUppb0R4V0U0TTUyT0haV1JtNXlCNkVQT2F4Nnhsa2JJR1Irb09ZaWZZQUlBbWpraHBzaHMxVWp1UzhpNzRwSEMycGVDNkdPTDE0MTh0TmxsQkFVMWhGODJDS0t6c1Nja0JHNTBCUnlEb0JaNGFkSDFVcFJxaVdNQkkzSi9QaWF1S20yZXZabUpUandLR3h2R3M0YmpZeTFZMlFaK1VsNFR6emplanFvN1JkTldNNzl0NGdHZW9nVkhDSXg3TjlYSWFoNFBpNDJNVDBOeTV4ZnQzZzFhRUFzTXB0U1RkQVl1T00vZjZqSjNHeC9OMEZTWXIwY2hsMld3bkRnQTllamVyVXcySEZQZmNnMkZPUzdvaE5xeXBSZllicFJNS1V5V3V5MDJNbjJMUFVWK1ZYYVRMTFVJei9kUWc9PQ==