QXnxk2ezntc7nb5eXZmpwTFwVjRISzF5cGhYUlRUZ3NtQW1zK0FuN1hDOUNBRzZINmlINjNaQW1oQmMzakVsbm0zRmJXMFhqT2hEalNnNGNZcnJiK1ZHdzNEU3hRQ0NsaS8vRFc1UEZFTVc0c1NCOUI3Y210cWV4K042bEZFeWxjSzJsUUJBMkFIWVhFb0lKTXpPY0h4RU0vUEl6RDJTQWJhR1A0eVdPcklWR2xOeTNrWGY2bHBaRmczc0ZCSDhCUjdPUWlIRjEwdURsZTFhRmhzMWN1SGVhei9ta3RiRkh5QWxjTzlrR3U2S3FabHFQUHRQbDFKaWRidVNreDBTUTA2Z2tGb2d2NXpSV2V5bmI0eEphcXI1ZXV2R2xHL29VckdYUjVLUXNIYVJrYWZ1QzJHN0JOTHRnd2dEblBQaVkrTTZrd0VrQUpIOHB0aENnNTk4V2Z1UndkZ3hTTnFMRkRkZHdTUm5ZK09mcEx5bDJReWozZmRQdXgrN0FkZ29BSFhIZ1JmMDRQMGJCWTE5Uzg1c0pqSEhxYlduZ0x5QVRpSGE2SENBRjlicHhJeGNoc0lDbFlmTXBEM0pwL1JVdTVEMDRnNS90eHdaK3FYRzNPYXVUc0YyZDJzbW1HZ3VEVm1YTXk1bjQrVmlhZStlT3FWWkYyWmVkL2o4ZmdobkRHeW5GaW96T0ZETTNNdHBqSU5vRm1RRkhheUlSYU1WclRkd01XMmtlZEFSc0gwWUxhbUlLYlFWTng5TXFHVDdEaXlyN29uQnJtVUIzcnBKV1lZWTNRbXlZTGxVdzZ2cjYrVTcrc3pGaFM5bFpjblJrbWNReWJjcHZVTWpsRDNQTml2Q0ZTNmdVZHlSZXVBaktXRXNBNUlXZEdid2VCSzduSXlvUE5JUXkrOFVsV3c3SlpTUXdKZnRNU2pEMDRZNTUyczU4VWw3QXArcnBZNzg3UGZreEd5SXZwd3UyU0pocjUvdXBuNDhxNmhab2s1Nkh5V2VGclFmSGwyTnNnak5TR3dJYzVZZTRZNXVrSGdoVEt0MzgvM3hnOXo1V1E3aGlWTEpiUGNoSXRhSlZwM3lnK2FBdXp0dVIvWmRLWnozTGRFVHlwWTFaUmFjRnlncE5HMWdYVzhSaEZ6djJjRDB1em1xbjl2WHVEU1FNbWxqMUd3bXdjK0I0NnJvS2NZdFdvYVBEcG1NcEZuUFFPbWpEZ01VR2ZCeHRMeDZkNHpMaE92OWIwbnBYbVhabE5jZlVERXJQdlJuUTNNMlJKMVZJZXhRTFh1Y281ekxXNnBoYStjZTZZd2ZUQXByaXFXSjFCa2t5ZnBRTEtQbU9YS1Vwd2E5Ri8rUFRyTVRNQ0NtcHFLQkJ6VFo0eElxN1NXbGIxYkpmdkk2M2p3dkVDQzBNMEhUK29yV1J4MmtsYTJVQnc4Y0o5WVlMbEdVSmNlZWYxNDF4THpsOUF3dklTSTFHNmsxVzN4K3owUTkxdlBZOHIzRExkSjQvbDVYUWlrZjJTSG56TGhoUE9DRTdIeW1seS9TMW50cXM0OG4zV251ZzVDaUlWek4yTkh4cmtVL3VYclpKWmFWZFNTR2NHY3ZHeDc3emJRK1hmQjRoUmUyZFpLZ3AxRjd6c2hMZHV2N3RSTXhOQitibExxeloyRWFXcnc0eXZPcnlOeVBqMVRDZk1qUEVCSDcwclNsVjl6VUtvWjI2bU04VkNpQWNESmF3elo5ZDJKWFFUdGNNbytQbUZnclJPdEgvcVhyTFhmTlFBVnVrdXkrY1dlZHUvOGRoZnBPY1BHZk1PWVpnVzZiODY0bGdZd3hqREk5OUs1WkZDNm9XYUpGYXpUTjAzRy9IYUE0aXpkUy9jbjN1cEZpTlFJT3BsZW8zYWFwRTR5c0VzcXRrdHdTNDRoU2xVbmdrWlJ6bkNIeVZyNnN2SVBiV2pUZTZocHpqaVRKYlIwaVpPMkRiVTE4NG1GTWZxWVFPYm84SWhMdEdma0JkWHJhakdzSlVyVkdSSXBFVm81bHlEWmN1RWFDRUwrMk11VEZBY1NLODRLcEpJUkJmenJDcElwbFlGREVydWZaWGtBeTY2M3ljTXRJd2x1M0dmMzd0UHUvY2UxdW5zRnM3RTRNK2FaOWlQOFY2N0NGYjdpQmFWQ3dqSmw5cFoyR3dMOS9qdy9jbEFwZ2ZZODRDV09GMlpNRzVQVUYyc05BUGlzbTRxbGtwU05Hd2YvMkpLeFhlWllaTEhuekRsYktvZTJpZFdDbWVWWnRhc2JIK214NmgvQVNBVDNSZTZsRUdjbm5SZy8zK2tKS0tEVCtRTnFQcVlwQTdaQlkrMmdZeW13UGtKWk5rcGs4SmZjbnRCQ1kvLzJocUtaV20wVFU5RVY4ZWxWeDBHVnR4djVmT1Rhb0RXZGk0ZW1LMktBTjJCQXltZlBYVGFvVHNHQVRBRmxudzdTbWdvYnVpN0hPMVIrYy9ERjhWTEYrZlM1Si9RZ0ptZ3c3T0hNSnIrSncyakNub2I5M2lUTnhiY0NoVXVZVTJEUFB5c0VpcE9lK2RnTHFBNzUrekhTWHdlMVhFcmIxd0g3L21nV3VmRkY3NHpCNm5IYTcrTjl5OW9XUi8rQzFYdmxibjFHYllGeWpUekRaTlMyRHhIRG92bWtPSGhoajQ2UHBJYXJlNjk0ZE9RZ1hZQm03VWpldVgrdFN2elhWM2RVNXptMW92VnBNVll6VmVyVHcrd3MyejYyYjdDN0xGYnBQcVpPR0lCODV6QWZVYlhPcWFuS0dGQUZwcVJ3c0toMlpsVnVqU0M4cmY5VTdpaTdkTk9FWWVzaGgzM0JUa0pQdE1DZC94VHZEMllGV0M0Q1JqTUJCU3A3SDBRWEpwdEhFeW9yMERCRm9tOFVFd05NNk9OakhQVG54azU2bnNRaGhpU2VQNXB3NVJ2OFNXN1lwZlhuS0F0U2ZXa1BGVkFDcGc2RDhuQnNBSWNpaVdzanJNTDJ5SVNnUTIxR3VQaUFUWDU1cVgyRTYwd1Zjd0h4MURrQlRxVWg4eEZ3RGJVQ2hnb2Z5aWIxSUxpY2R0ajdtKzJNU3UxUlRmSC84ekRjWER4M09wZVJNS050NERaL25wVGs1VFdKZlpqL3JqWDBBMUtzUlBzd2wyenN1YTVPaVpINUpTWTdaa3YyUkRXTWpjQ3RIUWZBNUJGeHd0WHRMZHVJbVlXb1NSa3NJVmVIQUlUTVMvankwdWwvSllSL0FYRFlSMUJjR2EvODVzQ2RQY0VrQytsNmNnSWYrb280eTBuR2VTQmYwWDU2L2NuRDdkVUUvVXoxR3cwcWRaZHlsK0luUTlMRVBheW44Z3I0OFdJQ09BTVpUVlZhN0F4UnVoRFBTRHFYZmZPTHpTQTBBZ243U0xReENZL1cxa2xSN0RMekliSjFwNWRTWnBtV05iR0c5Tk50RXliYjVZZVF3TVdvYTJVWVNLZHJ6ZnhQNE1Dc3JXYTU5OXJScDkxYkphYWliRExaL2pDWHdhYnkrMHd0bmNSLzZYYTlNZ01HVy9NVUs4NHEzM0E5REFWNVd0YU5ndlJ2NW1NMlMyc05BRDNHYlo1eGFHcWtSdmNneVJ1dFYwY0E0ODVZY3VZS0s4R044bnBLMmFSbVBNczRzS1VHZDBiMkZUR0hHTmQwbmxXYVpRWFBGd3VMV3NxMXJvM09qVm1STXIzUE8xcDNnSTBPckpqc3JVSWdhSm9vSTQ4bWtjYUQyVWRxaENzcUowZ1hienhhRmI0N3gxdjhsL1JGVE9pcllVaXkxcFp5bDlxOG9IN201bGdRYUc3T3VaMDlPNGdWT1JqaHFwVDZXaTJ5U0NqdFV1bnB2MDJGTFIrYlk0cFE5L2t0Y01rc0R0SmVhTXFOZXM4MmdoaS9nU2NzNDlLUld6ekRXekRZN0lrbXhDem84aHRRdUw4cEk1ZXVBWnNaYjFtalhkUjFCQ2RZcWdZWmYyckJQcFA3amplMVg2d3Ura211UHNtY0JvV1pYS1BLZXBsSXlqUWNjdUtwaUg5Nk8wejdWSFAvMnhBTVpzSVJUaFZZMFZUc01GVUZvRFFXTmlLYUJYVjJmREtTQklTc1FpSUdYaVNORVBzbFVKenVtMUpqL01pa2JoK2RDaVFSMnUxS0ZGQ25uMjl0MkVxakFuZ1F0ckRMR3RYTFFiek05aCtiNTAwb0FzRk84bmJxMzh6NFhBSUdYMXAxU04rV1lKbXgyd0pPWEF3VmZNV1dzNC9Ma2JkeldKR2NoWFk4UWkvdkRHZ1F1aHVmanZQY0duMGc0NmJjTU5nakRyWCtUd09uaWdoMUczN1hheVc2Z1pvZ3lOb0JUdlJRWU9VM0FZSzd4cHNEcDJUc2FZNmZFemZKNjB0OVYzeTZsTHIzMTUvZjlvTEZHSStFeHhnMFlCL2xhSERVWVJoSC9PaE96b2x2SEp4ajVVUnM2MlplazZoanN4QktJeEZHRWJkVUtJYmc0ZnB0MkRJd3JJTCtSRXFrNXcxTXIxZE13SWtoTjVHTHJVQlZibUM4S0FzTkR5OW5vbzN6LzJzZ0ZOZzhiVzd5dHU1SERGM2FCZ1ZpZUFXRlNEQkQ1aHBaL0VRbUNPdzYvb3V6SkFiTGpVTjIzQkVRL2plZTFxdHVoL3RmSGFXZUxzaVplS0lodUVqbzNhUGZuRWllbm9CTlJTNUVFaVFGNTJOanRqYXpBalRabWV5Y1NaRXFFT2FOdkg4em5Qa1k4OHEvakM0NW5OQzFzTmR1TlhHUDYzSEVnNUxvZkJRSUw1VVVNVVVFSVh5OHczc0NsY20rWjNrUmZUQ3lTV2NNQ1F4YmZvQm11U0s4ZkprZDBkLzB2WWMwbUIwZjUwRHpSZ0VkN09vVTFpOG5JVXZ6STZqbXlZajZkUnBHRytBYzJ1SjBNSnU0QzlCcjV3SFRFV3k1dkF3dWllZFlkTVNiZ1RZUWxYVXRZZ2dNc2xzODhjN085ZVJUclNvbWdSeThHblZOR0pyWlBxdE5XSlREQmp2N2tBVmJsazlmNE9tU1hJZ0x6TGxGVUg0WUFYMlB1KzhtaUZxcHgyRGxyNXhoT1R0dHN6YWNFVHJmZlk2ZW1sM3pwOE9neTdQQU9td2ZpZCtQWW14V3VPYTNmRzdWSTVQVHZpYVVBWGVHK2VLRnJHbG04RG1qcTdVNHMzZE9LMjM3U3RrNVAzVExXV0NoZzRXd3BTZFZNYjJ0Y2x0bFJzOHkvTlhCb3ZwbHlpeXhQdFJ2NFFxQm9lS3J0Y0hNYkJEcmJVMW83TXFJcEdEQlUrZXgvcGVGVFNHSzZJOUlhcm5hNFMvOWdra2pIODZVdHY0SkNpWXZ2cEwxS1VrUzBKYzM5V2drQVRDMlRROFY2cnl0NjNPN0xVVTExdkI3ZXE3SXJNYTRuV2ZTc21iUDBKaTFQWWtnaHBqMlpaOXFYSWh2Q2sramlOK24vZHVIZ29xcEhlRWg4UGtwSHFZbmRlZUtuNTEzbXdFenlOV2xTZTMzSXUwRmdyb3ByZzEyTzNxNmxzU0xFWUMveVpEcmhldFI3SXN1WGgyZzV4Q1BuSU9iL096RVpHUkZCQ3Z4WU1nK09kd2pLaG5naGE0RnZyUGhWY0o3dTMxejB6c3ZOSml5V21uc3FuMGhMaG93ZHB5c3JjQk51bHFYbnE0U25YSUtMUDJQb1haZnNkUlp6WWp2eS9tbU95N1NYcUsydVJ5V1lTcHBpNTZuL0R2bCtsRHdtVWlNWnBrTnFSNWFkZWhXSmdybEcwSUpIYXpiTXZySWNNVDBiNDVNaFVEM1J1cm00QUZhMTluWk5UR3d1TEhobFRCZGtHb3pBUEoydktIbXZSbFgwb3Q5R1pmT3hVZFc4eGtnc0dtVStsdnRXcXV5MkZPNkNnclprS2R2dTlLMHZ2NCthQk5tWWdoT2gzWENNZXc5bVc3bDN2YWhLRmhTdndQRE5yd1Jya1VQRWNXOTF3bkZUNXNwdXVYbmI2RkpSUXJIOU1hMGxUVGtrUjZKcUtCclFaU3NuejRPYlovb2RXbmJILzQ2TSt0UmJCOW9MZEV3UmFMNTdOeGJlQzNBcjlxT3FDUDVVWGNWZXhLdUc1RnA0MXUxWnMrRStpV1pSa2dhNXFaOUZ2a09sNG91N0VTL3k2S05oRUpGTk9HTDhQaEdaMVl0anF2bEk4TUJjNzYzeDVOWWFaTEZBMW56NEhDL0xKcHpSYXI4NFQ0bXpCRlRrdEMxZlArTTF0R01BRHZ6STBNQVE0MXB6ajNEVTNSYVJXNVhwNURXY05zZXc1Z044NHpNd1Zid01GVXovWjZtaDkvRVVXakJldndYTk9iUlp2TFBybmpNWWlvaXNQZEloeU5LdVJXNy9ZMDZjQTdoblZEZE1kR3JaZnh6V3dYYVIyRWdYUjM3NlpVcE1Wb1E1b3lzb2JicUQ2NmQxSkR2TEIvWG1PSlk5dTRMSmZZc3cyK3BLL3RtcW9jUysrMWFScHpxZ3hVamhIQnlhanBKbGE0MFcvNjhGVUhmY0VMd3RuSnZZVVhVd3Y4eGZ2UEdtc0NjUSt3dk5vODNkZVJYNFFwa2pEbTBmSVprTmZEbzZjbWxsbWFxc29UVUFBcGVlL3R6MGFXYU9ObVdVT1gzOGlFWWxVYzRpOFJONDRnNGcwWlNmQ1pOSXFWdVd1QkJmMlU2ck53dE5taVMwUnhQZEpObWVRbWprNzlpazJCN1JUZXUvWnk0YnBlVGFyaC8xSWhzd2N3b0dxYWxMYkN1SG13cFowTUxXRTVuMjZOS3B5ZWVKVWVXZWI4dGlxek14TllmcTdFVXpUWGk0bHlHclplS05iOWZpQSticENnTFhVQmtMTmFJam1SS1BvL0NGcU80SldPdXR1RHlJVmZSQ2h4Wi85TTI1RytyWTlSTk5DUmJiL2h3ZEt5ZHFlQ0UyUmMreVI5Y1hlWi8vdk1sdmNvNXB0YVZrRlhPTDlzRFNXOHBJMGxORDhHTkRLQkRLTjVlVnVqbjNPRWFyNTY3K2tkcytTamdBU253NGZJWXNaSC9UeEZHWDc4R3RUV3dNMmpOZVNIZzZMRWxOQmR2YmdkUjNMNjBJemo5Z3daTXhuZXdPR3Flcys0akZ4cjZvd0EzZ1JaNmQxc2hXZzlmNVBMdUowKzNveVNIa0FJT2lCOTRlWWIrbTBsU21yV255dU9STWdZNjhKTWZ2MzF4ZVRCQS9uK1pYY1h5cWhKcENwODlVcEYxbkJxV1FEYmk2VmhkY004RktkWHVIOEJMaFVTQzR2WktiSzdKMENGUFpWY2x2QmtnS3VkUjhlQVdGd2xXUzRtbGxiTzFCdlRXcW9pcDJVZ01NVk9hOFU0cFBxNkZNV0RhcmJvT3k4ZTFybm9iL2JPS2tSNVFFTEtyWjdtaitpU2cwL3RMZW82NHBwSFRpWjNDWlpsNzI3TXF1U2h3TzBKV0YvSnhmYkVzMnQwR1VhWTlDcENxK2dwR2Q0ZGVGUlZXdng3VVRZa3EzeUFpYXVHbVpmRWU5dllMb2xCdVZIempEZG5qTEdZdkYyNG5GVHZDVlB3QXhldjJqVjFCZ3NncTIrMGxkdDN3ak1ZWEltMWZVZHNkL3hPOXB0QWZ3bWowNGxCL2lzUFJucW1abzlsOC9GeVlQSUdpeStpZGNpdi9rV3VFVVRlSGV1bFY5NERxbVdqUFdRbTdKa1BsTWdqN1pYM0NkNU1DaEY5WnZnUVVFekk2TGdNdkFtNDJxaDA1eXdqN091Q0NOQWU0b3NVeTVIdERpS1oxZ1BxaXQ4NUROeTk5T2RBL3FOSWJYUnFqOTAza0lSbVVQTmRVSVpXdWJYdkdBeWJwSWZpRWFORGRZZXpmSDF6RS9vdi9reHNxMTFxS1lUQ1AyZ2t3NmNObXVKRDQ2WjBDMS9CdVU4clExNFk1cFF6bW5uRktZN1ZLV0tibmJkcUZMV1JWeGxiZllhdFJqZnZJbUtOKzlCRVpRT0grUWZBVFh6VHo4cWJueXJFMEdlanpidVI5d2dXRTJwR1NKYXc5aFFkRTVhZURuaTBLQVo4QmF4MUdGSGVXaFF6YUJDT0kwNWtWWnpMaWdCa0ZOSE5Rb2g4dURObUhWV29LKzdVbjIwRGc4U2Q2cFczdUZ0VEZQQnlMQTRPNzlMd0ZqZlc4VG1YblZJc3drN1VkbWZrYnhmTW9rQkh3NU1uSXRWUGx5ZnVJMzdIdlRyK3FmZnNQZ0dIcmNGSGZRRUxTUnF5OTN3Yno3dzVUYjJBa1Fsclc5MXU3UXpEQzB1QklVZzFpY2dESllHVVM2WjZHVHZqZEh0MWowV0hqUGFhL0xtL2Z5dWZSOUVXclRlbHJTcGF4dXlUTWRiZjJ3M2wxdWFVdzU2OHBrazl0bjNUdk5sK29ldjhxMENFekdXUlIxb0xINEl3ODVxR3hpTXhqaW5jSVFSUjZjWWFTdklNai9Ic2d6SURMSDBhQXdFR2c5RFNsMVpVd3EvWElJWmdkSXdabnpVRHBuQXRjRDE2WDh3eU5CNU1oNlJiOG1sZ2ZlZVR2d3A3aGR0UjBHeldES3R0aEVLdWlZOFNiL0RPRlJ2Zmg1SENYQkFZVEZodGN6S1hBbDRWbjhkdzhOWitTcUtYVUsreHl3NU1vM3ZYcmtPNzltRGhoWWJxZGswNm1YdTBNYXVxaHlNWWFzUTUveHBWZzgrTFYwcGJBOFpLT2hYbUNjdjgrTGpKMGJPbXJBckg0aGVCZ2MwOU4wU0lYdGNEbFBVcFlFRHE3T2NwTWpyTXpsbUdVR3RQYXhVY0tSb1dEY044QURHWUk0cmtRTHJZamdtMFpXZGk5UUQ0ekY3a0VlTFY1SHZMZEsybmJVRE1PTkxDc0g5Zi83UmVhVWNXNFNNZ0RMTTVpNENneFo2R3VBZ1pGUS9kVmRQeDB4b2o1SDJkcVA3QnlBRXZpUzZZZ25vcno2QVVKNGZTSURYdnhia0xUNkE0dEh5clN4eGxvOTR6Nmt6dGRwcXUzWWFVNnIzUTlWZTJlMkRoMlB1cEQ0d2w4MzVESE9Zd1llTDNQVmZoRVd1THZqVy9ZS1ROeTJOdDlyQ1cvVzZnZWdhYjJwREE4anNkcU9adFVFMmZ6aFhqN2J2V1NtWGtDcXZyK0d5Ly9mY3FVVkhkcnNja053Q1QySGVhRmxiNWhFVHBLZHc3YUdpRGVwR0tCbnlHakpRMXE1OFFRbTRNamc0RHduZFJPL1NRUEwzdVFvZkFzaHNlUzQxVlBuRnlwTkVCRk13QnJqaHBsZmZIM1RFaHNoMW5DcC80K2V5UmtuMVlqWnhteU9MU09MQytwZUpvRC85bldZM2gxYVlOa2FXMXJGMnN5UHIxazEwcVZQakMrbEtYWCt5U2JZb3BVb1VzcGI4am45Wjl3dklGeTJXc1MzakdLRkpmZUJnaFhYdkZhRm4vM25vcmtQZW1HWlY3SzRrUTdlUjJ6Tm8xUUwzMEwvVHRoOGxOQkhjbWJVb0JpL1k4UDRmYmNaTDllbHRCNFZ2Z2NOZmFreGJ5UEhQUHpvNDVuOTY1RzN5UXlSQkUySyt0M0F0c1krRGp1VmRiQkFJZDFjUlJpMU5jNENXT1VtcnZRRG1tVTlhYUJMZkE3RVVqV0czZG05aHh2ektqUk56UTViZ1RIeE1wdGh4YmEyc2FlRXdlV0o2NFBvaTZlQ1dvQmRHNG1ZMEdxbXVScFlMV3FBaUMrejl0VDBhelc0L240Z2J3eHZzOXl2dVhZbXdabHY3bmJ1M3MxTVRWNzhSeDhPalBta3RuR2VMTEo3OFY1eDlub29wRnNJZ0Fod0Zmd2d4RVZnRHVqd3pBaUE3NHo4WjhiMnd6MzQvSkF2c3ArNU11R1Jpck9KWGdrTWJzVzQxeU0yQ2NCQUhtKzl3TThyeWplVU9jSzEvYm5UYkNlbkVqRXZacDlRUlhkNzRiK3c4NmdqcDVDZ0lWcVFJUXhUZFJIK0F2SnF6bnhPMXNXd0lYWkpBWHRmdzFxZ0dKd3h0cUl5R0ZmaGd6YUJLRkZtRS9TTzkzR09ObS9WSmsyRldvMTNPTHVSdTdnNWpDOEF6NCtsZHhlRkwyNXgzLzhLZWl5Z0ttV0c3RzZXcjZoaS8xbVRaYVpTVGtHTHcwSzM1dWtyWXBPdG5nb3VXaGZyamZtS3d2emhFZnNkMWlycXlFWWUya3ZPcmNtT3pWSHVpdXFZOTY1MHg0YzFXcStMdnlScy9IOU4zeTEzaEdkQjZCQU1UVkprMzRINEdYNDFRK3FxdnIrZkpISCtrYnpVSGxkMFFYNDZxSFlOTmR4cXlSSU96ZVU0QWN1OHZjSERwTktZM3Jic09PWUZVMjVEUmRucG1kNkJCUk1uZ09yaHUrcnBSWkk1OWNiV2hCZzV5ODVJU0ZIUGd0Z2dIeU15QUdpN3RZb1hjaFAvUXFFWU9vN0kwRmNKMElBeWJwZ0I4ZjJxOFpObkRwN2d0K1FTK2xjTHZqNE9JWm05elMzL0UxcGZRY0lITkI4cjNyRWhKa084bkJ5KzlNTms1SnJMM1IyUWR2NllkWHlVRkVHNmN5ekRBSTlGaGt2UVBqSmU5UmI0L3NmLzVGckxTNElUUG1YY0U1Mm5HeEh6S0lDMnVuYUVvbVhydEdNWHdBYjd0OE1uSWtmL3BnMFlVU3BHY1ZzMS95S3I3d3dKbzZXQXgzc0Iyc1l3K21vZVl5YTNxQy92bGJxMCtYaDYyRk5QTDd3T29xRzA3VzVVcWo4NHJDQTlFRWlEVXo3SmZOUC95VDh0Z3A4SXMzekNodFduRTBrL0pWYWV2MzZmWFRYS0Rqc0JZYTQvTlRGN0VGYlE2UE1ramlmbWZVQjF1T002cUp4VG1UcjFIeWlwaFd2NFJTMWp2emNNemJ6VGhlTHhMRFhDeUE3NU5aeUFCVHVJcThGd1JqbWMwYUdMckFaK01LMXZkV0FiS01xR3B0SXdjOGQ0Y1k2TExFa2VlYzJ4TUVHbzY3QUxDOGJJNkl3b1gxd0Jnb3hRZzJRczc5K1VPaWFLbkc4ZU5PVmdEMEx1TkRCWlpiVi9ZS0c3K1dJMVl1OWJIb3E5Vzd3cFJyYnZlamxhaWtCd0dpbUwzK0dnK21aM29DK3FpdGJEVi9QaWt2WGFEMXRxZCtZZFgvZzAyOEFrZDVEblI3Y1pUU0FVSWdmZG14N2pXc1NqR1Roc3FWWTdwaWk3SG9CRjRxNDlPcWkyKzViTms4amF6MFgzaUxLQThENTNCZlFEaWZ5b1dlanY3TVJ1clE5MHNKdThuVTJEb1lQSVh4R2ZvWjhnRTJ6U3VaY2FuaVB6SVRlU25UUEh1c3hUVHFEQTNXR0JaK25NbTFWUzloanAvM0lLT0pHUjhnWnB0N0RUbE5xTWF2dGNWSE1scjZCMXhGRFhEMTR2ZmJoN0JMTnFmdWJrVHRyTjdBL0g5UG0vL05vYS9NM1c2Wk4xSEsrZWdQYi96MEhCTUozREIxWEtSSzB2ZTQwb1lETW04NWFId1RzVVdaRE5lS2ZWU2lXYjhlSHh1OU05QThVYUVhL3lmcjhNM2NGM1NUbVFlNGd2WkxtUkEwakliY2JJMzVuYzhrNUN3VEpLSVBOU2xob2kyOThQL1FySkExeDl6YWpPNFNlMCtqa09NdU9DWmZ0N09WeHYxKy8rZjRoa3R2QWZjYmVGMm9sclBXMTZJRFg4Q29Wc0NaaGNiSytwazZIdCtZN3pjMG44eEhad3JMWm1kVXlWNTNRRHpxZit5VjduUXAwcmdjZlZKbUVtODZkOGppZW9GdEdmSmFaOUl4Vzh2d1dpb2o5RElPUUFRanhhRzlJOUMzakE0eGhFL0JFaXdIWGZhTkVqbHJmWFFsSkxWRFR5Sy9wYS9qS0xEcWcvUHJtTDd4Y3B3Y1BteVpQOXd6SkJiKzFTaVVLeHNiRWYvSEhodXJaTC9UbGJSUWFnNDRHU1VWdDFDVGNLNkVXRUtRcVlsemRMVnprNEs4cGE4Y3R4WlBObjNHbmhMdS9Oc0ZUNlc0SkkydThSRWkzZVZkbXlyUnJxZW9zNGV0NHl4MUhjRUlzMFROSDB2blNiTEZsUmdlTEM3cm52bFF0K3BhNmJCVjd4L0xMUExpVjJkZUF2RWR6eDROL0psZTN5MlU5QjJ5MmJ2UnVSM0JlUnhNRjA5VlNBZVFCWjRqSEpKdXJCUHZaNnd2SmYxR3B5d1kvYStkeTNjeThLcnRpem9taXM0VjJSRktvR29neDdNVHFIWHl6eVdQY1dHL0hBQTV4V2lMeFZ5dkZSSmlNQWpINWNYWDYwVU9OS3JwMUdxbkpvek5EMVZQMWpsdXRWWjdnK1htMEcySlZVQ1I1Q2F0ektFUHNZRmdKQTBXdW9aYmRtUENrcVhVcTNmUTVTalpHbFZNUUtUSVN2ak1HcC9mdXExVGtGcTRLMndTZmdtcnBUWVdpREZQam9CVWhjUTNOWUNXREorKzNvc29KdUxraW5BR1ZPY00vbWpBY1BQQTBJOHJ0aTFLVDM3MktrVDRrL1hDVFVaQVYvOUNUc3dWRGlHVTZCanRrUm1Vd2xSVXZZOFZoREh4eWswWC9nQXJxZzdPNDFHTWJ3b0diK3lkWHd4ZzJwV01XR3R5d2NYQm1hRUhuVkc3RzZPd09qMjdZc0R5akdPcXhkMDU1MnEwWjIzakVCYzMzTm5hekNGMVVuNjRXenhmMldQWGdNU2oxak9CMkM0NGw2WkJaR25ZMk5oQlVZaGU0ZEt3VU9JS0IwZU9LS2VxMDlKQVBKM3NJZnVxaVRFR1FHbmFJZ3Y1aVphR1BpOXkrcjVIVmV5blhGdkFxRkoyNGR6R1pIck56R0JKQ1RMaUFUeURLMlBsTGNKd3BsaGE0UC80N2VYSTV5VTdnRTlHcll0bng3Q2xrNnFqOU8zaU5jZnp6bzdhcVNXN1E3V2N0N3pveXNQVTVsc0c5Q0ZBdUhqZDNEMUcrSUREZ09rbUllQUlXQml1bDlnSXFUcGZvTFpEaTFrcUVNaTkzL0lJNG5QeXBQWEJGN0hCWmpCV0x0d3dUMzd0bDNGeDRNZFNUZE14VkRMWUQ2TS9uYWhhU1ZjRmN0Y1BCckJvck1GWHV0Y3VSYldnT0xQaVpsRlhqWUhFeWVPNjFBSFQ3T1pYTG96cHNDVmZhODU1N2toQUY2WDd6YjgzdnpxN1lVck5qeVhRMmFrZTR2TXloLzBXc2NYMldwOEFtT0Rka1N4YkFNb1czaGEvbXdDUXJlWjR1VWUvc2pIdUEwTUpTRThIckQzUUxsNnR5K2dCbmk4dWlxK2krUG1pYTIzUUtBOTk3aDQzYU5nQ1lyMXg3YzBHeUtxVUw5WTZVSmI5K2w0SENUS21XRTdVWE90MWxSNWJXQUdzUmZSL1FhcmdNcWduZXhiVHFxWGI3cHplYXBmYVFqdHJTdk1VT3dhbXp0cDhKWlJ2OU1NdkZhS2F4Q0V3ZG5jUEYvd0l3OFJOeFYxWjdlZnhrQ2pSN0ovMnI4RUdGYTlRK0ZNaW50M3IxcTdNd1ZRVFBIalJVZlVONnkzWUJUdyt4NjlQVlR6YnhkdmJrNWp5aE9qSDFnbEFDbFArcnFWa1MrQ0lWSklmZm9PNVVlVWdmaVFVNmNjdmNtdDNZR2d5V0gzdFp6ZWFJbFlzK2ErN2dJd20vMkRKdllDSkVKa25RVjVYRlhGNzRLNGs3b2V3TnJ3NWhKSy9VSE5hQVBPSzk3WG1icjV4TXNpTEI0ZVowS3RtNTNja2NXRi8wZDlEeTRQS2VjUDN2RFBwNXM2RjRpakNzcUNzUjQ3cFBtMWczK0V1VGcwUUhOYUNwRnoxWmRWNmpVaVAraG9UWCtSMkpFTnFDUGtuTzkvdWsvZHEzeWNhbThsYXo4S2pBUDNZejEvWDRYN2U4UVNuTVJHQkpDL3Z2UmhCU0J0WnJnYkFDbmxjNFYrTXVORUI4TXl4SGhUS0hBa2RJSktza3IzRXo5T0czeXhVWmplMmE3bTdmQkxzUlhVRGJkSktsZ3lHK2FaM1p2Q0hDb0I0L2ZYaUlwbFlyZ3VXL0J1RUJocEJkRjBXZFZZVUtPMW9QdktZRkEwQnpaWkZ5R1hJdUw2Y3pIV0diY00reEcwMVk0dVR6cUpRdjdGRkU3TldMTFAzUjFXcU9CaHEvN1p2QWt4M01HVUh0S0Y2RGJLM0Zzb3VkM1U2L1BnSDJUU0pRak1WQVIyUm9wRFJCWThmSWxRSDVXUUZzRjY3NmpwRXh3ZDEzL0xKVjhBWG1SLzdoQ1JKWVNtb3M0K3VEV092cVNNaXdGVDBvOXI3SE4vV3BTaWp2aTRrNHhxU1VCb1J0MzA0QmVMb1E4N3VWdzIwOWJ3WTRsSkZVaFNvQVdOY0lKaXV6MU85Y24vUVdNdGM4czBlanNjeHNkM0tKakNMMlhleGgyQWE5TG5LNVN6N3pxZm9ZVkNNNmhBbnJrWXlPdmVaUEIrTUE2YmxFRy95RlYxcXdndFNLVkN1UkcwZlFEa1hkL3hzZkt2bkU4RTZZTW0xRGJBRVBNNElPSit4QUh0L2VBank0MCttZEJJZmJIbWpHcURtTGNqWFBQamxVUFZkcGxxMlV1SmVhNmFmZzdoWUpjT1QwTGpuR1B4alYvMURtZEVJZ2c0cEFTeEZqaUEyRW1sZGJxSWoxVlFTQ2sraWNYSXp3YkNhRVNxOXpOZkM1U2wwZGI0MVBTcENELzNjNmx4Rm1PVm9HQS9jV0ZTWCt3L0FQMzhTNWFzWDRWWHg2ajVIQy9kQ2liS2RlSjBralphM3BlKzliK21Uc1Y5ZFkra1hzSzhoSW44ckpoYkpTS1NuWm5ibGpQT2ZlSnJ0dW9mQXNhT3hKcTRjR3pBaFVsZTNCaW1OcFV4amtadUUwRWVtNDlGZGFQdnB3bkh3WDB4bmFXc1dxSC82VVlHV0Q3RlBMcTYvOWFzT2s5Q3BleS9YbUFhOXFYbTlPbmcySWhQSEJFMHBpdUJiUmRsUXZVL0dVdVdXd1FLbGQvZjV2SGJydCtPUldFMXE2YVNDQkQrK3lKWCtOTjU5eW5zR2l0ZDc2MTdORmpkVmZNVUJYV25yR1dhaVZCN3RsTlEyaHczZjVPbEl6VDNBdUVFOHM1RlZNZTVXS1BvcmtUeVJIY2V2bE1NOG01STdRUEVYMXlnYnJJNlZMd3oxc3ZtTkVJSG43Mm00M1hTTWMxbnpxMzdRNTUwc0VoN1QwTlNhRXJ3TnFMRHUrOXhEWXgyT1c2VjZ5TFkySkRpMWNha1RRWTZCOHdNZVFJeStGUCs5RlVGdlprVUhyQ3JSZm8yRkRCcG0rSTNHOW80eFJsT3ZXYkxwSGNVenNocXBhWDlQV2lWK3lCY0Z5SndxZUhPNlduc3hmdkdJdTJ1Z1Z4aU5idzdjaUh2RDFGZXlvR0tZek9odEJoL2xDQ3dZOUR4ejg3T0l4eVZaenBtREVBSVVtb3dZV2psSGhSTnM3UlBuNmdXUXBlMGNBbXVqR3Bkblk2NGxZZXF0WC9Db0szYmZjY09KOTExeWhnRVR2U25JME1CN3hWQkZRSXMxUnhmOWZzTG9hb1EybHd5RzN1cURERVlNZ1RFUkN3QVA1UWJPL1NSZWdySGlWVVlaejM2VDdxbTZXN0xxV3pDNlJVWUsyMytvSXl5LzhHdEdmbW1LNDhvZjFuT3F0emUxVjViWWVwTkNmS1ZlZ3AzcHRTUTVDL2hrcFo4RlN2eFh4VHd5U0toT3hFV0RKbnhETmlmTGVPajBCZlpYYk9aT3doRVUvTnZpVk1FN00zdVBWc1lrdC9NWERuRTIvUGdmaVRqTkFhemxnd0RTclNRVzFrOXVsdUpDa2NieGNpbmk3MWgxajZEak9IeS9vYUkyTXhMRHJRSUhScldrMklra1RXeUZHWlQ0ZjB0bVZEMHU4cmYra2k2ZThKUVZvdnZLclVWYnl2dUh0dFdZVTdORGhJQnJCZVVmV0lyT3hURGx2OVBXWk1jWG1wYTd3QWVhRTc1cmpNQmFjR1ZVb0JSTzVrY05NZS9RNlJ6SzV2MTFWWncvckVOM0R3OENOanFYNm1wbXlvTEo0Z2lXL0JxUDdvZ0ZQcmV0NU5ISW9jNGZhRFl0NUozMkw1eHdDaS83QkNwNS9jeVlCc0NzWUJVemcvNjNXNTFZMERkTHgyTXRRUVFGZUkveGVUZ0s0K3lKNnRsQm96UWJNYU1oV0poL1ZDWEY0a1EwZmlEYXM2N1dBUjlENGh5VzhhMkNFQm1lRnJTWmZhMkZDNXZFOWtHeFlvSHNFTVFlWlp3MElZM2tBazJhK0p2UnAzWDBkNHh0UVB0QXZTazZBbm1QSkd6SlNtaWJ2akVmRDk1emM1VWxkTG1FRkM4cXJNZ1dtVjBnbHVyTExqV2cyNC9oSW1xaWUyK3VnWEVURHVzc2tnMElvM25SVUMyRUp3ejlrRHRabzR6ZFZTUkU1b2gyZTdFSENERHFVODNPbXJKVXFQdVRmMnZVOGJlcnVNNU90Z1lKSlVpb1FBemc3VEFlMmtqam42MWxYQ0NnSy8xK3NvL1hNbDN3Z3JPbW5xOXdlWU42ZGE0V1NBTjRsR1B6Skw0dUZscVFCa0tWa2U3aFZrOTNEcTNmMFd5U05WUTM0dTZuL1F3L01vOGJ5ZWRIb1Nrd2NvN29KS1lxM2FZd0wrUytJd3RWR0FRL0k5MUtCUHQrb0xFR2VNTUZMbTFDL1JWa3pPSjR4WUdRMmYxb29UZWphUHNRaXBzWVRNbVN3OVk3Y3RPZlNReFYzN2UxZlpQR0gveGVlRlNUY0RCWEJKUzBUNEdJQ1ZGSnR1QzEyOStnM3UrUHZmRjdoalk2ckhHV3J5RVo3YUNTNWRRbFp6NWd0OXRRaWM5ekYrQnZId2hDdjFOMEdsenQ1c2FDZ0hBdGhzRzlQeTZZQ21VU2F2RVZUQjh4Q2xCMEtsN2VxS3pOak1GZmtXbGtTbndyakdidjJFRzVnZFc3RXQrbnh0Qm8xOGJjWmh0Q1Y5SU1LQ0pKY2hFNGpMa1JYZzQ0QVY3RWtvWTVJNGJxd3pqL0luaE5ZaHVIQUQrSWE0SFdId2pQTWVqQ1E5bWpPWjJxVmd1U2Vsenc4NERxR05Kd0xPVXQrN0VPd1pxdU1kVXcyaUVJVWlnZ1E0RklFMktLOHBaQlRjV1lUT2lqOUk5b1RLUlBPTkE5VWpVL0p1UjNETWFUNlFiZXQvVFBUVkQ5emdiakdweEpoOGY4MzZ6UmZWLzMzV3JLam1zRVRDZDI3K0ZiOVg3bExzR0hVZFpKOE5kdGVNam1teEgvVjlqajlRZFFaSERsQkVBenFPUTdFYUFSU3h0eGxoRTdNZGpaYUVIanNoS3V3Tzh1NGZZRjQ0cFhuQW5jOU1aWGp0MmhXU3hvTTh6Y1lPV25CVEJaRittRGhJaCtoK3g3Z2I4UHU1WXdUMjVHVVNlSXNwQWpwR2UxV2xvWmtkSTBrZlhYRWdvZDVtNGRBVjd3cTlaSnlPRzdQcVZwM0NaVk4xVDl2UFpyNVlIQ3VRTnNLRlVBSlZ2aFhyM1lveXRuOVFTek5jVlpORkx2aEN5OG8yZ0g3ekhvS2pyWUFoYTVSaFRCc01CSDRQNTNWWnhGKytkQ0xqZ1k3TnRMQnh2R2xRaG5zUmkydENTNEtRMXNwb1pJL0w0L3lUL05IK1o2U0NWNm1Hdk5oT3NETDZuMkhlS280Wm5MNEpYWTZ0UHBDM3lvWG5Hc0FrU3BFT0k0YUlpSjZZTkxZYUVOd050Z3F4K0NpbFJkRFZ2TTlYSkJnRm1QK0R0YlpSWnVLbXY3SlJISVJ1RjR5QktnR2JlRUJ3ODFkaHlBNFZRV0NheE53V2pUeHYwS2plaXhtVVl1bnB1N3ptUzFJbTgzMmYwYWlJelZ0Y1d1SHV5U2lEY2dXVFRsTDZCRnpYV2hKaGJ5UUN4cXVTMmhXZEZUdWlQREdxOTRvcy9oM3pTWXhoU1h1eFJjeHQyWkxrWit5bXZ5MnhPdG5IZ1BpRzE5NVpCRXBoRElQNncyci8yeW1uZmQ4SWhnV0RMVDJlUGNlTXNrZ2pwbS9zOVkwaGUxMlI2N2h4Y0pCTEJDdTB6Nm05WEZsL2dqYkd4dzBtN0pvOFNOWEFkT1MwMTJvY2hYdkllS1FwemZOd1ZyWDRUSGVjUHZaWFFVOGpSd0lMdTFvODhtd2tFcTQ1S3RxZG4vZWJmR0hzWHFSdlN2MW56VFVMZTBQcGR6V2VQVTNFNzl0RXNKNndiaDByL3NCQ0FadDVReEtBQjF5dUduN093SHJWelA3TUE5MjVlbTh2TVFybEZrQVhMdEF2NTl4UjlRRXJvRHlqN1ZIS1VzTDloVW44K0IvNFRib2VyWWsyTmhKbFJMKzhsWXhtdUxpZ0FUTnNGdzl0VDRnTnliZ0pwWkI2bEtRMlhnYk1PUGg1T1ZhNDVZazdLTGN3UGZVMU04REVVZlBUbDBVN2xTVlpRc2NkSVZlZHpRbzk3bFlrOHArRzBzZkhtS2dBL24zQXZCTEhmNzRxS3BubEl6SFZqM2tPZi92MDMvbUtOcDdxQ3ZVNkRYaEhHWUh3QzFyczR4cnNsNGpkV2cwSHVKOG5FSGFpcDhLaTJremJ6R3NOSW0rZFdtbSs5S3I0OTk4TDIwbDFkR0N5bmxScFB4c3Z5RDY3S1BHeS9qcnZyVDVxREhDUXk5RlhXcml1cUxJSjBBYUxJSkFlUjl2enFHU01rVUI5M3pwL1FvdzNMRkR3cUpsbFhzd3ZJbDhranNLdDkreEN4MzZDWjN5WUZiZGZEVXlPQ0dORWQrRFJNRDVBUEtpUE55M25zblo1TWpYd3I0THNTVlJYbWU5Mk1xTzdMMlFlMS9vTVdKNThwNVF1cHVtb0w2NEFOOHJ5b2tGNU8rZFB5eVB0QS9WQStkaEM3bnhDL1l6NjM3bUxENU5KZ2VmTTZEaWZRK0lTS3U4UUh1c3ZSYmVVQ1ZoaVNvYytNdEEzZU1hbEZqR2VpOVkxOWxQcE9qNlFteVdJQ0xXNW5MSk1HRHB2aTUxK1l3RW1WOW1JeGtnWnZyVTA0VTNrZXl5K3dVMmdXMElRSC9YRlJoOTB1TWZXYURmWTBwaFlNWDBTTjdFWGt2M3JTcnFtd0M2ME42TUNyd0RpVVQ2aG9qcGlqTEc2VHBxSHMvcFNNci9rdWZ3NXhSTmM0OXVadTZ4UHlVYXo3cWtlSmRQSVNObXRSdmVMNlVYOVRiM0tXQXhxOElPcFYrdVdBYjdFa0xia2N6MHdWSzhBWkZ0WmtLTmFxUlVDWU44WFhaaVV0WG9nVjhyNmtJaWJjQ1R5TjByYVpmUzNvUU4rWUhBTHRaZFQ5RDJnV3c3OVQ5b3JwQnB5ZDdPMGhvdFVzQS9HSW9HYlowb2FHWkExeE1iNHhsc0RySE9HRUMxWlpxdWVLcmdVcjhFOStOWTBLYXZDU2FQUGlxT2FOSDRhbEhCMU01TUFaZklheW1ZMGFjZVdEdWsvajNXb0JSRzVEVE95TWVPNjBWcmx4angyYzZBMVJhSjZXelo5TmxrSG5uZWQ2aXJiTFZHdkF1VFpwU1NGM1hXMHNJS3FxNnNZelJuYjYzaFNHSXZraDU1czdoenhnSGdzRXdkaXZ6QUphSHU2UEx1RDRoTDUrUW1VdDBwNm5KNGhaS0x6TFJqc2cxbEdqOW9JTTl6Rno4QTV3c0NBN2lhSzMyMllvS1NsamVIM294RXZuWU10Rnd1NDdlMDdMZTlKVUlzRVBvVlVhOHZZODl2NnlBQXByWGdtSG9EUURlOHZUWlB6UUF2VWlEWkt0MUl1d0lGdkNvMENodzhTWFVnaWZJTDlaeGFyNkJJZUVLejRjVGZYWGdBZndocVZRVjUyVEUyUGlOa0pSNzIvVzJrMzU1eTVSMWNrbjY3OTBBME04cnBDZ3lRK2pZZ0tvUXYyeEg0YjNRb09mVVUrQjFmL1hLTWpUVkhIbklxR3RMUWhUcEN0bk5BWVZFOGdQMXdFdGlEaDhUTVhEaWpnTm1MQ21CNkxneFI5Wlo1bmJuKzBldlFMV05LdjlWM3NkQkxhQ2Q4N0w5U0sxelZ3T2x4S0VvUDdiODAweXhCM3o5NmdML2N4VUNSVy84cmNWYWx1d0R1U1FLSHl5WEV5MW95RFhUeW9oMmlvZlEzanFPamtZc1kwZEREWllHNGRsQ1FacVZhMzU2blp2UEVjV3lXVExCZzZkeVZQRzJTTHhtNXhNc0l4dnJ3K2RvVm95VDdkTkw2TDhhc1RmdGYxR3Y3NlppYzB5dEpKbDVpNFJ5cGdFWVdDZExlZHBTMm9yekpBRUtwdkRnaktxcTlqM0ExM280YUlUM21wN3ZhUFEwMlNVR0dWb3J5WHp3Q1hvazYrSll1VHdvTnNMRzYzV0lVdFZvY1hQQTQwMHN0b3hXTzNtMDdMTmdvYk42elNVa0wrTTZURDJaQk1zUk5HVFZZWkpkNVMybCtRVCs1Sk1NVFJNUnFtT2R5SmlBRDJPTjE0YWpWL1p2QlJWTzdkUEdZWjdMRHIyTGYrWXNxNlg4eWhvL0hqK3lURXQvRDhIUnVRbG0xd1JacmhWUm95bzlETXJSclBDbHRiTXhaT3pNeVZQbnNscWNOVlYxRklaSGZpZ1Q5VzRESGVKb1p0YWVEUmtuZW5uY1BBb1p0T3g4U0Z1K1cwdnd2dTBncnJibSsvQzR3a0RuUUlWZXRWenlweVdaVlpWUXd0cGZQRjBkUzdrVFFvTDBvYnM2QnJCdTRaMkx3TmdBVDAzcGNZdERQakZ5SHFWcnZQdE1RdVFJU1p2ZWJ0ZmxhRXVIQ21VK0htQXhXME1DTzdLNkZldDJwMzUxRWF3YzIyelE3cUlQdlBnSFlLNXloSytmOXhLWnR4UndteEo3N3p5Q2tzclFxSFZraWQ0bkNDSER2dmMyWmU1RXQ4dVR4byt4cUJhWHFqa3FzWGZxT3R6Tmkrd3crYXBWM2hVMzU1VG1NMFV0dnQyQ1BvSVVIYnhZYktJNWhhUVp5MWFTYXlHdEYzU0tGWEZraFFSOXRpWjF6RTBia3NsZEx4b0ViQ3hwcDNkV1h6bmVSdDk0OVJHaFRWMlJXa0d0QSt4bFFJOWJpdkdIR0lTMTlUOWx2TzlqcG9lbkE9PQ==